<?xml version="1.0" encoding="utf-8"?>
<Project ToolsVersion="4.0" xmlns="http://schemas.microsoft.com/developer/msbuild/2003">
  <ItemGroup>
    <Filter Include="Source Files">
      <UniqueIdentifier>{4FC737F1-C7A5-4376-A066-2A32D752A2FF}</UniqueIdentifier>
      <Extensions>cpp;c;cc;cxx;def;odl;idl;hpj;bat;asm;asmx</Extensions>
    </Filter>
    <Filter Include="Header Files">
      <UniqueIdentifier>{93995380-89BD-4b04-88EB-625FBE52EBFB}</UniqueIdentifier>
      <Extensions>h;hh;hpp;hxx;hm;inl;inc;ipp;xsd</Extensions>
    </Filter>
    <Filter Include="Resource Files">
      <UniqueIdentifier>{67DA6AB6-F800-4c08-8B7A-83BB121AAD01}</UniqueIdentifier>
      <Extensions>rc;ico;cur;bmp;dlg;rc2;rct;bin;rgs;gif;jpg;jpeg;jpe;resx;tiff;tif;png;wav;mfcribbon-ms</Extensions>
    </Filter>
  </ItemGroup>
  <ItemGroup>
    <ClCompile Include="src\platform\windows\windows_window.cpp">
      <Filter>Source Files</Filter>
    </ClCompile>
    <ClCompile Include="src\alvere\application\application.cpp">
      <Filter>Source Files</Filter>
    </ClCompile>
    <ClCompile Include="src\graphics_api\opengl\opengl_context.cpp">
      <Filter>Source Files</Filter>
    </ClCompile>
    <ClCompile Include="src\alvere\events\event.cpp">
      <Filter>Source Files</Filter>
    </ClCompile>
    <ClCompile Include="src\alvere\events\application_events.cpp">
      <Filter>Source Files</Filter>
    </ClCompile>
    <ClCompile Include="src\alvere\application\window.cpp">
      <Filter>Source Files</Filter>
    </ClCompile>
    <ClCompile Include="src\alvere\utils\logging.cpp">
      <Filter>Source Files</Filter>
    </ClCompile>
    <ClCompile Include="src\alvere\utils\exceptions.cpp">
      <Filter>Source Files</Filter>
    </ClCompile>
    <ClCompile Include="src\alvere\graphics\shader_program.cpp">
      <Filter>Source Files</Filter>
    </ClCompile>
    <ClCompile Include="src\alvere\graphics\shader.cpp">
      <Filter>Source Files</Filter>
    </ClCompile>
    <ClCompile Include="src\alvere\graphics\buffers.cpp">
      <Filter>Source Files</Filter>
    </ClCompile>
    <ClCompile Include="src\graphics_api\opengl\opengl_buffers.cpp">
      <Filter>Source Files</Filter>
    </ClCompile>
    <ClCompile Include="src\graphics_api\opengl\opengl_vertex_array.cpp">
      <Filter>Source Files</Filter>
    </ClCompile>
    <ClCompile Include="src\graphics_api\opengl\opengl_renderer_api.cpp">
      <Filter>Source Files</Filter>
    </ClCompile>
    <ClCompile Include="src\alvere\graphics\render_commands.cpp">
      <Filter>Source Files</Filter>
    </ClCompile>
    <ClCompile Include="src\alvere\graphics\renderer_api.cpp">
      <Filter>Source Files</Filter>
    </ClCompile>
    <ClCompile Include="src\graphics_api\opengl\opengl_shader.cpp">
      <Filter>Source Files</Filter>
    </ClCompile>
    <ClCompile Include="src\graphics_api\opengl\opengl_shader_program.cpp">
      <Filter>Source Files</Filter>
    </ClCompile>
    <ClCompile Include="src\graphics_api\opengl\opengl_errors.cpp">
      <Filter>Source Files</Filter>
    </ClCompile>
    <ClCompile Include="src\alvere\graphics\camera.cpp">
      <Filter>Source Files</Filter>
    </ClCompile>
    <ClCompile Include="src\alvere\graphics\sprite_batcher.cpp">
      <Filter>Source Files</Filter>
    </ClCompile>
    <ClCompile Include="src\graphics_api\opengl\opengl_sprite_batcher.cpp">
      <Filter>Source Files</Filter>
    </ClCompile>
    <ClCompile Include="src\alvere\graphics\texture.cpp">
      <Filter>Source Files</Filter>
    </ClCompile>
    <ClCompile Include="src\graphics_api\opengl\opengl_texture.cpp">
      <Filter>Source Files</Filter>
    </ClCompile>
    <ClCompile Include="src\alvere\utils\shapes.cpp">
      <Filter>Source Files</Filter>
    </ClCompile>
    <ClCompile Include="src\alvere\math\matrix\matrix_2.cpp">
      <Filter>Source Files</Filter>
    </ClCompile>
    <ClCompile Include="src\alvere\math\matrix\matrix_3.cpp">
      <Filter>Source Files</Filter>
    </ClCompile>
    <ClCompile Include="src\alvere\math\matrix\matrix_4.cpp">
      <Filter>Source Files</Filter>
    </ClCompile>
    <ClCompile Include="src\alvere\math\matrix\transformations.cpp">
      <Filter>Source Files</Filter>
    </ClCompile>
    <ClCompile Include="src\alvere\math\shapes\circle.cpp">
      <Filter>Source Files</Filter>
    </ClCompile>
    <ClCompile Include="src\alvere\math\shapes\cuboid.cpp">
      <Filter>Source Files</Filter>
    </ClCompile>
    <ClCompile Include="src\alvere\math\shapes\intersections.cpp">
      <Filter>Source Files</Filter>
    </ClCompile>
    <ClCompile Include="src\alvere\math\shapes\line_2d.cpp">
      <Filter>Source Files</Filter>
    </ClCompile>
    <ClCompile Include="src\alvere\math\shapes\line_3d.cpp">
      <Filter>Source Files</Filter>
    </ClCompile>
    <ClCompile Include="src\alvere\math\shapes\point_2d.cpp">
      <Filter>Source Files</Filter>
    </ClCompile>
    <ClCompile Include="src\alvere\math\shapes\point_3d.cpp">
      <Filter>Source Files</Filter>
    </ClCompile>
    <ClCompile Include="src\alvere\math\shapes\rect.cpp">
      <Filter>Source Files</Filter>
    </ClCompile>
    <ClCompile Include="src\alvere\math\shapes\sphere.cpp">
      <Filter>Source Files</Filter>
    </ClCompile>
    <ClCompile Include="src\alvere\math\vector\vector_2.cpp">
      <Filter>Source Files</Filter>
    </ClCompile>
    <ClCompile Include="src\alvere\math\vector\vector_3.cpp">
      <Filter>Source Files</Filter>
    </ClCompile>
    <ClCompile Include="src\alvere\math\vector\vector_4.cpp">
      <Filter>Source Files</Filter>
    </ClCompile>
    <ClCompile Include="src\alvere\math\quaternion.cpp">
      <Filter>Source Files</Filter>
    </ClCompile>
    <ClCompile Include="src\alvere\graphics\mesh.cpp">
      <Filter>Source Files</Filter>
    </ClCompile>
    <ClCompile Include="src\alvere\graphics\renderer.cpp">
      <Filter>Source Files</Filter>
    </ClCompile>
    <ClCompile Include="src\graphics_api\opengl\opengl_renderer.cpp">
      <Filter>Source Files</Filter>
    </ClCompile>
    <ClCompile Include="src\alvere\utils\file_reader.cpp">
      <Filter>Source Files</Filter>
    </ClCompile>
    <ClCompile Include="src\alvere\graphics\material.cpp">
      <Filter>Source Files</Filter>
    </ClCompile>
    <ClCompile Include="src\alvere\graphics\material_instance.cpp">
      <Filter>Source Files</Filter>
    </ClCompile>
    <ClCompile Include="src\alvere\utils\utilities.cpp">
      <Filter>Source Files</Filter>
    </ClCompile>
    <ClCompile Include="dependencies\include\luaplus\lua53-luaplus\lapi.c">
      <Filter>Source Files</Filter>
    </ClCompile>
    <ClCompile Include="dependencies\include\luaplus\lua53-luaplus\lauxlib.c">
      <Filter>Source Files</Filter>
    </ClCompile>
    <ClCompile Include="dependencies\include\luaplus\lua53-luaplus\lbaselib.c">
      <Filter>Source Files</Filter>
    </ClCompile>
    <ClCompile Include="dependencies\include\luaplus\lua53-luaplus\lbitlib.c">
      <Filter>Source Files</Filter>
    </ClCompile>
    <ClCompile Include="dependencies\include\luaplus\lua53-luaplus\lcode.c">
      <Filter>Source Files</Filter>
    </ClCompile>
    <ClCompile Include="dependencies\include\luaplus\lua53-luaplus\lcorolib.c">
      <Filter>Source Files</Filter>
    </ClCompile>
    <ClCompile Include="dependencies\include\luaplus\lua53-luaplus\lctype.c">
      <Filter>Source Files</Filter>
    </ClCompile>
    <ClCompile Include="dependencies\include\luaplus\lua53-luaplus\ldblib.c">
      <Filter>Source Files</Filter>
    </ClCompile>
    <ClCompile Include="dependencies\include\luaplus\lua53-luaplus\ldebug.c">
      <Filter>Source Files</Filter>
    </ClCompile>
    <ClCompile Include="dependencies\include\luaplus\lua53-luaplus\ldo.c">
      <Filter>Source Files</Filter>
    </ClCompile>
    <ClCompile Include="dependencies\include\luaplus\lua53-luaplus\ldump.c">
      <Filter>Source Files</Filter>
    </ClCompile>
    <ClCompile Include="dependencies\include\luaplus\lua53-luaplus\lfunc.c">
      <Filter>Source Files</Filter>
    </ClCompile>
    <ClCompile Include="dependencies\include\luaplus\lua53-luaplus\lgc.c">
      <Filter>Source Files</Filter>
    </ClCompile>
    <ClCompile Include="dependencies\include\luaplus\lua53-luaplus\linit.c">
      <Filter>Source Files</Filter>
    </ClCompile>
    <ClCompile Include="dependencies\include\luaplus\lua53-luaplus\liolib.c">
      <Filter>Source Files</Filter>
    </ClCompile>
    <ClCompile Include="dependencies\include\luaplus\lua53-luaplus\llex.c">
      <Filter>Source Files</Filter>
    </ClCompile>
    <ClCompile Include="dependencies\include\luaplus\lua53-luaplus\lmathlib.c">
      <Filter>Source Files</Filter>
    </ClCompile>
    <ClCompile Include="dependencies\include\luaplus\lua53-luaplus\lmem.c">
      <Filter>Source Files</Filter>
    </ClCompile>
    <ClCompile Include="dependencies\include\luaplus\lua53-luaplus\loadlib.c">
      <Filter>Source Files</Filter>
    </ClCompile>
    <ClCompile Include="dependencies\include\luaplus\lua53-luaplus\lobject.c">
      <Filter>Source Files</Filter>
    </ClCompile>
    <ClCompile Include="dependencies\include\luaplus\lua53-luaplus\lopcodes.c">
      <Filter>Source Files</Filter>
    </ClCompile>
    <ClCompile Include="dependencies\include\luaplus\lua53-luaplus\loslib.c">
      <Filter>Source Files</Filter>
    </ClCompile>
    <ClCompile Include="dependencies\include\luaplus\lua53-luaplus\lparser.c">
      <Filter>Source Files</Filter>
    </ClCompile>
    <ClCompile Include="dependencies\include\luaplus\lua53-luaplus\lstate.c">
      <Filter>Source Files</Filter>
    </ClCompile>
    <ClCompile Include="dependencies\include\luaplus\lua53-luaplus\lstring.c">
      <Filter>Source Files</Filter>
    </ClCompile>
    <ClCompile Include="dependencies\include\luaplus\lua53-luaplus\lstrlib.c">
      <Filter>Source Files</Filter>
    </ClCompile>
    <ClCompile Include="dependencies\include\luaplus\lua53-luaplus\ltable.c">
      <Filter>Source Files</Filter>
    </ClCompile>
    <ClCompile Include="dependencies\include\luaplus\lua53-luaplus\ltablib.c">
      <Filter>Source Files</Filter>
    </ClCompile>
    <ClCompile Include="dependencies\include\luaplus\lua53-luaplus\ltm.c">
      <Filter>Source Files</Filter>
    </ClCompile>
    <ClCompile Include="dependencies\include\luaplus\lua53-luaplus\lua.c">
      <Filter>Source Files</Filter>
    </ClCompile>
    <ClCompile Include="dependencies\include\luaplus\lua53-luaplus\luac.c">
      <Filter>Source Files</Filter>
    </ClCompile>
    <ClCompile Include="dependencies\include\luaplus\lua53-luaplus\lundump.c">
      <Filter>Source Files</Filter>
    </ClCompile>
    <ClCompile Include="dependencies\include\luaplus\lua53-luaplus\lutf8lib.c">
      <Filter>Source Files</Filter>
    </ClCompile>
    <ClCompile Include="dependencies\include\luaplus\lua53-luaplus\lvm.c">
      <Filter>Source Files</Filter>
    </ClCompile>
    <ClCompile Include="dependencies\include\luaplus\lua53-luaplus\lzio.c">
      <Filter>Source Files</Filter>
    </ClCompile>
    <ClCompile Include="dependencies\include\luaplus\LuaPlus.cpp">
      <Filter>Source Files</Filter>
    </ClCompile>
    <ClCompile Include="dependencies\include\luaplus\LuaPlusAddons.c">
      <Filter>Source Files</Filter>
    </ClCompile>
    <ClCompile Include="dependencies\include\luaplus\LuaState_DumpObject.cpp">
      <Filter>Source Files</Filter>
    </ClCompile>
    <ClCompile Include="dependencies\include\luaplus\tilde\HostConfig.cpp">
      <Filter>Source Files</Filter>
    </ClCompile>
    <ClCompile Include="dependencies\include\luaplus\tilde\LuaDebugger.cpp">
      <Filter>Source Files</Filter>
    </ClCompile>
    <ClCompile Include="dependencies\include\luaplus\tilde\LuaDebuggerComms.cpp">
      <Filter>Source Files</Filter>
    </ClCompile>
    <ClCompile Include="dependencies\include\luaplus\tilde\LuaHostWindows.cpp">
      <Filter>Source Files</Filter>
    </ClCompile>
    <ClCompile Include="dependencies\include\luaplus\tilde\LuaTilde.cpp">
      <Filter>Source Files</Filter>
    </ClCompile>
    <ClCompile Include="src\alvere\graphics\renderer_light.cpp">
      <Filter>Source Files</Filter>
    </ClCompile>
    <ClCompile Include="src\alvere\graphics\renderer_scene_graph.cpp">
      <Filter>Source Files</Filter>
    </ClCompile>
    <ClCompile Include="src\alvere\world\entity.cpp">
      <Filter>Source Files</Filter>
    </ClCompile>
    <ClCompile Include="src\alvere\world\entity_component_systems\ecs_scene_renderer.cpp">
      <Filter>Source Files</Filter>
    </ClCompile>
    <ClCompile Include="src\alvere\utils\uuid.cpp">
      <Filter>Source Files</Filter>
    </ClCompile>
    <ClCompile Include="src\alvere\utils\random.cpp">
      <Filter>Source Files</Filter>
    </ClCompile>
    <ClCompile Include="src\alvere\world\scene.cpp">
      <Filter>Source Files</Filter>
    </ClCompile>
    <ClCompile Include="src\alvere\world\transform.cpp">
      <Filter>Source Files</Filter>
    </ClCompile>
    <ClCompile Include="src\alvere\world\entity_component_map.cpp">
      <Filter>Source Files</Filter>
    </ClCompile>
    <ClCompile Include="src\alvere\world\entity_handle.cpp">
      <Filter>Source Files</Filter>
    </ClCompile>
    <ClCompile Include="src\alvere\graphics\text\text_renderer.cpp">
      <Filter>Source Files</Filter>
    </ClCompile>
  </ItemGroup>
  <ItemGroup>
    <ClInclude Include="src\platform\windows\windows_window.hpp">
      <Filter>Header Files</Filter>
    </ClInclude>
    <ClInclude Include="src\alvere\graphics\rendering_context.hpp">
      <Filter>Header Files</Filter>
    </ClInclude>
    <ClInclude Include="src\alvere\application\window.hpp">
      <Filter>Header Files</Filter>
    </ClInclude>
    <ClInclude Include="src\alvere\application\application.hpp">
      <Filter>Header Files</Filter>
    </ClInclude>
    <ClInclude Include="src\graphics_api\opengl\opengl_context.hpp">
      <Filter>Header Files</Filter>
    </ClInclude>
    <ClInclude Include="src\alvere\events\event.hpp">
      <Filter>Header Files</Filter>
    </ClInclude>
    <ClInclude Include="src\alvere\events\application_events.hpp">
      <Filter>Header Files</Filter>
    </ClInclude>
    <ClInclude Include="src\alvere\utils\logging.hpp">
      <Filter>Header Files</Filter>
    </ClInclude>
    <ClInclude Include="src\alvere\utils\exceptions.hpp">
      <Filter>Header Files</Filter>
    </ClInclude>
    <ClInclude Include="src\alvere\graphics\shader.hpp">
      <Filter>Header Files</Filter>
    </ClInclude>
    <ClInclude Include="src\alvere\graphics\shader_program.hpp">
      <Filter>Header Files</Filter>
    </ClInclude>
    <ClInclude Include="src\alvere\graphics\buffers.hpp">
      <Filter>Header Files</Filter>
    </ClInclude>
    <ClInclude Include="src\graphics_api\opengl\opengl_buffers.hpp">
      <Filter>Header Files</Filter>
    </ClInclude>
    <ClInclude Include="src\alvere\entry.hpp">
      <Filter>Header Files</Filter>
    </ClInclude>
    <ClInclude Include="src\alvere\alvere.hpp">
      <Filter>Header Files</Filter>
    </ClInclude>
    <ClInclude Include="src\graphics_api\opengl\opengl_vertex_array.hpp">
      <Filter>Header Files</Filter>
    </ClInclude>
    <ClInclude Include="src\alvere\graphics\renderer_api.hpp">
      <Filter>Header Files</Filter>
    </ClInclude>
    <ClInclude Include="src\graphics_api\opengl\opengl_renderer_api.hpp">
      <Filter>Header Files</Filter>
    </ClInclude>
    <ClInclude Include="src\alvere\graphics\render_commands.hpp">
      <Filter>Header Files</Filter>
    </ClInclude>
    <ClInclude Include="src\graphics_api\opengl\opengl_shader.hpp">
      <Filter>Header Files</Filter>
    </ClInclude>
    <ClInclude Include="src\graphics_api\opengl\opengl_shader_program.hpp">
      <Filter>Header Files</Filter>
    </ClInclude>
    <ClInclude Include="src\graphics_api\opengl\opengl_errors.hpp">
      <Filter>Header Files</Filter>
    </ClInclude>
    <ClInclude Include="src\alvere\graphics\camera.hpp">
      <Filter>Header Files</Filter>
    </ClInclude>
    <ClInclude Include="src\alvere\graphics\sprite_batcher.hpp">
      <Filter>Header Files</Filter>
    </ClInclude>
    <ClInclude Include="src\graphics_api\opengl\opengl_sprite_batcher.hpp">
      <Filter>Header Files</Filter>
    </ClInclude>
    <ClInclude Include="src\alvere\graphics\texture.hpp">
      <Filter>Header Files</Filter>
    </ClInclude>
    <ClInclude Include="src\graphics_api\opengl\opengl_texture.hpp">
      <Filter>Header Files</Filter>
    </ClInclude>
    <ClInclude Include="src\alvere\utils\shapes.hpp">
      <Filter>Header Files</Filter>
    </ClInclude>
    <ClInclude Include="src\alvere\math\matrix\matrix_2.hpp">
      <Filter>Header Files</Filter>
    </ClInclude>
    <ClInclude Include="src\alvere\math\matrix\matrix_3.hpp">
      <Filter>Header Files</Filter>
    </ClInclude>
    <ClInclude Include="src\alvere\math\matrix\matrix_4.hpp">
      <Filter>Header Files</Filter>
    </ClInclude>
    <ClInclude Include="src\alvere\math\matrix\matrix_x.hpp">
      <Filter>Header Files</Filter>
    </ClInclude>
    <ClInclude Include="src\alvere\math\matrix\transformations.hpp">
      <Filter>Header Files</Filter>
    </ClInclude>
    <ClInclude Include="src\alvere\math\shapes\circle.hpp">
      <Filter>Header Files</Filter>
    </ClInclude>
    <ClInclude Include="src\alvere\math\shapes\cuboid.hpp">
      <Filter>Header Files</Filter>
    </ClInclude>
    <ClInclude Include="src\alvere\math\shapes\intersections.hpp">
      <Filter>Header Files</Filter>
    </ClInclude>
    <ClInclude Include="src\alvere\math\shapes\line_2d.hpp">
      <Filter>Header Files</Filter>
    </ClInclude>
    <ClInclude Include="src\alvere\math\shapes\line_3d.hpp">
      <Filter>Header Files</Filter>
    </ClInclude>
    <ClInclude Include="src\alvere\math\shapes\point_2d.hpp">
      <Filter>Header Files</Filter>
    </ClInclude>
    <ClInclude Include="src\alvere\math\shapes\point_3d.hpp">
      <Filter>Header Files</Filter>
    </ClInclude>
    <ClInclude Include="src\alvere\math\shapes\rect.hpp">
      <Filter>Header Files</Filter>
    </ClInclude>
    <ClInclude Include="src\alvere\math\shapes\sphere.hpp">
      <Filter>Header Files</Filter>
    </ClInclude>
    <ClInclude Include="src\alvere\math\vector\vector_2.hpp">
      <Filter>Header Files</Filter>
    </ClInclude>
    <ClInclude Include="src\alvere\math\vector\vector_3.hpp">
      <Filter>Header Files</Filter>
    </ClInclude>
    <ClInclude Include="src\alvere\math\vector\vector_4.hpp">
      <Filter>Header Files</Filter>
    </ClInclude>
    <ClInclude Include="src\alvere\math\vector\vector_x.hpp">
      <Filter>Header Files</Filter>
    </ClInclude>
    <ClInclude Include="src\alvere\math\matrices.hpp">
      <Filter>Header Files</Filter>
    </ClInclude>
    <ClInclude Include="src\alvere\math\quaternion.hpp">
      <Filter>Header Files</Filter>
    </ClInclude>
    <ClInclude Include="src\alvere\math\shapes.hpp">
      <Filter>Header Files</Filter>
    </ClInclude>
    <ClInclude Include="src\alvere\math\vectors.hpp">
      <Filter>Header Files</Filter>
    </ClInclude>
    <ClInclude Include="src\alvere\graphics\mesh.hpp">
      <Filter>Header Files</Filter>
    </ClInclude>
    <ClInclude Include="src\alvere\math\constants.hpp">
      <Filter>Header Files</Filter>
    </ClInclude>
    <ClInclude Include="src\alvere\graphics\renderer.hpp">
      <Filter>Header Files</Filter>
    </ClInclude>
    <ClInclude Include="src\graphics_api\opengl\opengl_renderer.hpp">
      <Filter>Header Files</Filter>
    </ClInclude>
    <ClInclude Include="src\alvere\math\math.hpp">
      <Filter>Header Files</Filter>
    </ClInclude>
    <ClInclude Include="src\alvere\utils\file_reader.hpp">
      <Filter>Header Files</Filter>
    </ClInclude>
    <ClInclude Include="src\alvere\graphics\material.hpp">
      <Filter>Header Files</Filter>
    </ClInclude>
    <ClInclude Include="src\alvere\graphics\material_instance.hpp">
      <Filter>Header Files</Filter>
    </ClInclude>
    <ClInclude Include="src\alvere\utils\utilities.hpp">
      <Filter>Header Files</Filter>
    </ClInclude>
    <ClInclude Include="src\alvere\assets.hpp">
      <Filter>Header Files</Filter>
    </ClInclude>
    <ClInclude Include="dependencies\include\luaplus\lua53-luaplus\lapi.h">
      <Filter>Header Files</Filter>
    </ClInclude>
    <ClInclude Include="dependencies\include\luaplus\lua53-luaplus\lauxlib.h">
      <Filter>Header Files</Filter>
    </ClInclude>
    <ClInclude Include="dependencies\include\luaplus\lua53-luaplus\lcode.h">
      <Filter>Header Files</Filter>
    </ClInclude>
    <ClInclude Include="dependencies\include\luaplus\lua53-luaplus\lctype.h">
      <Filter>Header Files</Filter>
    </ClInclude>
    <ClInclude Include="dependencies\include\luaplus\lua53-luaplus\ldebug.h">
      <Filter>Header Files</Filter>
    </ClInclude>
    <ClInclude Include="dependencies\include\luaplus\lua53-luaplus\ldo.h">
      <Filter>Header Files</Filter>
    </ClInclude>
    <ClInclude Include="dependencies\include\luaplus\lua53-luaplus\lfunc.h">
      <Filter>Header Files</Filter>
    </ClInclude>
    <ClInclude Include="dependencies\include\luaplus\lua53-luaplus\lgc.h">
      <Filter>Header Files</Filter>
    </ClInclude>
    <ClInclude Include="dependencies\include\luaplus\lua53-luaplus\llex.h">
      <Filter>Header Files</Filter>
    </ClInclude>
    <ClInclude Include="dependencies\include\luaplus\lua53-luaplus\llimits.h">
      <Filter>Header Files</Filter>
    </ClInclude>
    <ClInclude Include="dependencies\include\luaplus\lua53-luaplus\lmem.h">
      <Filter>Header Files</Filter>
    </ClInclude>
    <ClInclude Include="dependencies\include\luaplus\lua53-luaplus\lobject.h">
      <Filter>Header Files</Filter>
    </ClInclude>
    <ClInclude Include="dependencies\include\luaplus\lua53-luaplus\lopcodes.h">
      <Filter>Header Files</Filter>
    </ClInclude>
    <ClInclude Include="dependencies\include\luaplus\lua53-luaplus\lparser.h">
      <Filter>Header Files</Filter>
    </ClInclude>
    <ClInclude Include="dependencies\include\luaplus\lua53-luaplus\lprefix.h">
      <Filter>Header Files</Filter>
    </ClInclude>
    <ClInclude Include="dependencies\include\luaplus\lua53-luaplus\lstate.h">
      <Filter>Header Files</Filter>
    </ClInclude>
    <ClInclude Include="dependencies\include\luaplus\lua53-luaplus\lstring.h">
      <Filter>Header Files</Filter>
    </ClInclude>
    <ClInclude Include="dependencies\include\luaplus\lua53-luaplus\ltable.h">
      <Filter>Header Files</Filter>
    </ClInclude>
    <ClInclude Include="dependencies\include\luaplus\lua53-luaplus\ltm.h">
      <Filter>Header Files</Filter>
    </ClInclude>
    <ClInclude Include="dependencies\include\luaplus\lua53-luaplus\lua.h">
      <Filter>Header Files</Filter>
    </ClInclude>
    <ClInclude Include="dependencies\include\luaplus\lua53-luaplus\lua.hpp">
      <Filter>Header Files</Filter>
    </ClInclude>
    <ClInclude Include="dependencies\include\luaplus\lua53-luaplus\luaconf.h">
      <Filter>Header Files</Filter>
    </ClInclude>
    <ClInclude Include="dependencies\include\luaplus\lua53-luaplus\lualib.h">
      <Filter>Header Files</Filter>
    </ClInclude>
    <ClInclude Include="dependencies\include\luaplus\lua53-luaplus\lundump.h">
      <Filter>Header Files</Filter>
    </ClInclude>
    <ClInclude Include="dependencies\include\luaplus\lua53-luaplus\lvm.h">
      <Filter>Header Files</Filter>
    </ClInclude>
    <ClInclude Include="dependencies\include\luaplus\lua53-luaplus\lzio.h">
      <Filter>Header Files</Filter>
    </ClInclude>
    <ClInclude Include="dependencies\include\luaplus\LuaAutoBlock.h">
      <Filter>Header Files</Filter>
    </ClInclude>
    <ClInclude Include="dependencies\include\luaplus\LuaCall.h">
      <Filter>Header Files</Filter>
    </ClInclude>
    <ClInclude Include="dependencies\include\luaplus\LuaFunction.h">
      <Filter>Header Files</Filter>
    </ClInclude>
    <ClInclude Include="dependencies\include\luaplus\LuaHelper.h">
      <Filter>Header Files</Filter>
    </ClInclude>
    <ClInclude Include="dependencies\include\luaplus\LuaHelper_Object.h">
      <Filter>Header Files</Filter>
    </ClInclude>
    <ClInclude Include="dependencies\include\luaplus\LuaHelper_StackObject.h">
      <Filter>Header Files</Filter>
    </ClInclude>
    <ClInclude Include="dependencies\include\luaplus\LuaObject.h">
      <Filter>Header Files</Filter>
    </ClInclude>
    <ClInclude Include="dependencies\include\luaplus\LuaPlus.h">
      <Filter>Header Files</Filter>
    </ClInclude>
    <ClInclude Include="dependencies\include\luaplus\LuaPlusCD.h">
      <Filter>Header Files</Filter>
    </ClInclude>
    <ClInclude Include="dependencies\include\luaplus\LuaPlusConfig.h">
      <Filter>Header Files</Filter>
    </ClInclude>
    <ClInclude Include="dependencies\include\luaplus\LuaPlusInternal.h">
      <Filter>Header Files</Filter>
    </ClInclude>
    <ClInclude Include="dependencies\include\luaplus\LuaStackObject.h">
      <Filter>Header Files</Filter>
    </ClInclude>
    <ClInclude Include="dependencies\include\luaplus\LuaStackTableIterator.h">
      <Filter>Header Files</Filter>
    </ClInclude>
    <ClInclude Include="dependencies\include\luaplus\LuaState.h">
      <Filter>Header Files</Filter>
    </ClInclude>
    <ClInclude Include="dependencies\include\luaplus\LuaStateCD.h">
      <Filter>Header Files</Filter>
    </ClInclude>
    <ClInclude Include="dependencies\include\luaplus\LuaStateOutFile.h">
      <Filter>Header Files</Filter>
    </ClInclude>
    <ClInclude Include="dependencies\include\luaplus\LuaStateOutString.h">
      <Filter>Header Files</Filter>
    </ClInclude>
    <ClInclude Include="dependencies\include\luaplus\LuaTableIterator.h">
      <Filter>Header Files</Filter>
    </ClInclude>
    <ClInclude Include="dependencies\include\luaplus\tilde\HostConfig.h">
      <Filter>Header Files</Filter>
    </ClInclude>
    <ClInclude Include="dependencies\include\luaplus\tilde\LuaDebugger.h">
      <Filter>Header Files</Filter>
    </ClInclude>
    <ClInclude Include="dependencies\include\luaplus\tilde\LuaDebuggerComms.h">
      <Filter>Header Files</Filter>
    </ClInclude>
    <ClInclude Include="dependencies\include\luaplus\tilde\LuaDebuggerHost.h">
      <Filter>Header Files</Filter>
    </ClInclude>
    <ClInclude Include="dependencies\include\luaplus\tilde\LuaDebuggerProtocol.h">
      <Filter>Header Files</Filter>
    </ClInclude>
    <ClInclude Include="dependencies\include\luaplus\tilde\LuaHostWindows.h">
      <Filter>Header Files</Filter>
    </ClInclude>
    <ClInclude Include="dependencies\include\luaplus\tilde\LuaTilde.h">
      <Filter>Header Files</Filter>
    </ClInclude>
    <ClInclude Include="dependencies\include\luaplus\tilde\ReceiveMessageBuffer.h">
      <Filter>Header Files</Filter>
    </ClInclude>
    <ClInclude Include="dependencies\include\luaplus\tilde\SendMessageBuffer.h">
      <Filter>Header Files</Filter>
    </ClInclude>
    <ClInclude Include="src\alvere\world\entity.hpp">
      <Filter>Header Files</Filter>
    </ClInclude>
    <ClInclude Include="src\alvere\graphics\renderer_light.hpp">
      <Filter>Header Files</Filter>
    </ClInclude>
    <ClInclude Include="src\alvere\graphics\renderer_scene_graph.hpp">
      <Filter>Header Files</Filter>
    </ClInclude>
    <ClInclude Include="src\alvere\world\entity_components\ec_transform.hpp">
      <Filter>Header Files</Filter>
    </ClInclude>
    <ClInclude Include="src\alvere\world\entity_components\ec_rendered_mesh.hpp">
      <Filter>Header Files</Filter>
    </ClInclude>
    <ClInclude Include="src\alvere\world\entity_components\ec_scene_light.hpp">
      <Filter>Header Files</Filter>
    </ClInclude>
    <ClInclude Include="src\alvere\world\entity_component_systems\ecs_scene_renderer.hpp">
      <Filter>Header Files</Filter>
    </ClInclude>
    <ClInclude Include="src\alvere\world\entity_component.hpp">
      <Filter>Header Files</Filter>
    </ClInclude>
    <ClInclude Include="src\alvere\world\entity_component_system.hpp">
      <Filter>Header Files</Filter>
    </ClInclude>
    <ClInclude Include="src\alvere\utils\uuid.hpp">
      <Filter>Header Files</Filter>
    </ClInclude>
    <ClInclude Include="src\alvere\utils\random.hpp">
      <Filter>Header Files</Filter>
    </ClInclude>
    <ClInclude Include="src\alvere\world\entity_components\ec_camera.hpp">
      <Filter>Header Files</Filter>
    </ClInclude>
    <ClInclude Include="src\alvere\world\scene.hpp">
      <Filter>Header Files</Filter>
    </ClInclude>
    <ClInclude Include="src\alvere\world\transform.hpp">
      <Filter>Header Files</Filter>
    </ClInclude>
    <ClInclude Include="src\alvere\world\entity_component_map.hpp">
      <Filter>Header Files</Filter>
    </ClInclude>
    <ClInclude Include="src\alvere\world\entity_handle.hpp">
      <Filter>Header Files</Filter>
    </ClInclude>
    <ClInclude Include="src\alvere\graphics\text\text_renderer.hpp">
      <Filter>Header Files</Filter>
    </ClInclude>
  </ItemGroup>
  <ItemGroup>
    <None Include="dependencies\include\luaplus\LuaCall.inl">
      <Filter>Header Files</Filter>
    </None>
    <None Include="dependencies\include\luaplus\LuaObject.inl">
      <Filter>Header Files</Filter>
    </None>
    <None Include="dependencies\include\luaplus\LuaStackObject.inl">
      <Filter>Header Files</Filter>
    </None>
    <None Include="dependencies\include\luaplus\LuaStackTableIterator.inl">
      <Filter>Header Files</Filter>
    </None>
    <None Include="dependencies\include\luaplus\LuaState.inl">
      <Filter>Header Files</Filter>
    </None>
  </ItemGroup>
</Project>